# This file is automatically @generated by Cargo.
# It is not intended for manual editing.
[[package]]
name = "ads1x1x"
version = "0.2.1"
source = "registry+https://github.com/rust-lang/crates.io-index"
checksum = "0c9ccf501f61a710a83cfc5a6fb2df0013454c3215aeeeb20ebe4b21e2917501"
dependencies = [
 "embedded-hal",
 "nb 0.1.3",
]

[[package]]
name = "aligned"
version = "0.2.0"
source = "registry+https://github.com/rust-lang/crates.io-index"
checksum = "d39da9b88ae1a81c03c9c082b8db83f1d0e93914126041962af61034ab44c4a5"

[[package]]
name = "aligned"
version = "0.3.4"
source = "registry+https://github.com/rust-lang/crates.io-index"
checksum = "c19796bd8d477f1a9d4ac2465b464a8b1359474f06a96bb3cda650b4fca309bf"
dependencies = [
 "as-slice",
]

[[package]]
name = "as-slice"
version = "0.1.4"
source = "registry+https://github.com/rust-lang/crates.io-index"
checksum = "bb4d1c23475b74e3672afa8c2be22040b8b7783ad9b461021144ed10a46bb0e6"
dependencies = [
 "generic-array 0.12.3",
 "generic-array 0.13.2",
 "generic-array 0.14.4",
 "stable_deref_trait",
]

[[package]]
name = "asm-delay"
version = "0.7.2"
source = "registry+https://github.com/rust-lang/crates.io-index"
checksum = "b8b7c70ec6ea4def14d530d75900bbf8909ed49dafeb1448c3ee7122543964f6"
dependencies = [
 "bitrate",
 "cortex-m 0.6.4",
 "embedded-hal",
]

[[package]]
name = "async-trait"
version = "0.1.41"
source = "registry+https://github.com/rust-lang/crates.io-index"
checksum = "b246867b8b3b6ae56035f1eb1ed557c1d8eae97f0d53696138a50fa0e3a3b8c0"
dependencies = [
 "proc-macro2",
 "quote",
 "syn",
]

[[package]]
name = "autocfg"
version = "1.0.1"
source = "registry+https://github.com/rust-lang/crates.io-index"
checksum = "cdb031dd78e28731d87d56cc8ffef4a8f36ca26c38fe2de700543e627f8a464a"

[[package]]
name = "bare-metal"
version = "0.2.5"
source = "registry+https://github.com/rust-lang/crates.io-index"
checksum = "5deb64efa5bd81e31fcd1938615a6d98c82eafcbcd787162b6f63b91d6bac5b3"
dependencies = [
 "rustc_version",
]

[[package]]
name = "bare-metal"
version = "1.0.0"
source = "registry+https://github.com/rust-lang/crates.io-index"
checksum = "f8fe8f5a8a398345e52358e18ff07cc17a568fbca5c6f73873d3a62056309603"

[[package]]
name = "bit_field"
version = "0.10.1"
source = "registry+https://github.com/rust-lang/crates.io-index"
checksum = "dcb6dd1c2376d2e096796e234a70e17e94cc2d5d54ff8ce42b28cef1d0d359a4"

[[package]]
name = "bitfield"
version = "0.13.2"
source = "registry+https://github.com/rust-lang/crates.io-index"
checksum = "46afbd2983a5d5a7bd740ccb198caf5b82f45c40c09c0eed36052d91cb92e719"

[[package]]
name = "bitflags"
version = "1.2.1"
source = "registry+https://github.com/rust-lang/crates.io-index"
checksum = "cf1de2fe8c75bc145a2f577add951f8134889b4795d47466a54a5c846d691693"

[[package]]
name = "bitrate"
version = "0.1.1"
source = "registry+https://github.com/rust-lang/crates.io-index"
checksum = "c147d86912d04bef727828fda769a76ca81629a46d8ba311a8d58a26aa91473d"

[[package]]
name = "byte-slice-cast"
version = "0.3.5"
source = "registry+https://github.com/rust-lang/crates.io-index"
checksum = "b0a5e3906bcbf133e33c1d4d95afc664ad37fbdb9f6568d8043e7ea8c27d93d3"

[[package]]
name = "byteorder"
version = "1.3.4"
source = "registry+https://github.com/rust-lang/crates.io-index"
checksum = "08c48aae112d48ed9f069b33538ea9e3e90aa263cfa3d1c24309612b1f7472de"

[[package]]
name = "cast"
version = "0.2.3"
source = "registry+https://github.com/rust-lang/crates.io-index"
checksum = "4b9434b9a5aa1450faa3f9cb14ea0e8c53bb5d2b3c1bfd1ab4fc03e9f33fbfb0"
dependencies = [
 "rustc_version",
]

[[package]]
name = "cfg-if"
version = "0.1.10"
source = "registry+https://github.com/rust-lang/crates.io-index"
checksum = "4785bdd1c96b2a846b2bd7cc02e86b6b3dbf14e7e53446c4f54c92a361040822"

[[package]]
name = "chrono"
version = "0.4.19"
source = "registry+https://github.com/rust-lang/crates.io-index"
checksum = "670ad68c9088c2a963aaa298cb369688cf3f9465ce5e2d4ca10e6e0098a1ce73"
dependencies = [
 "num-integer",
 "num-traits",
]

[[package]]
name = "cortex-m"
version = "0.5.10"
source = "registry+https://github.com/rust-lang/crates.io-index"
checksum = "3c0b159a1e8306949579de3698c841dba58058197b65c60807194e4fa1e7a554"
dependencies = [
 "aligned 0.2.0",
 "bare-metal 0.2.5",
 "cortex-m 0.6.4",
 "volatile-register",
]

[[package]]
name = "cortex-m"
version = "0.6.4"
source = "registry+https://github.com/rust-lang/crates.io-index"
checksum = "88cdafeafba636c00c467ded7f1587210725a1adfab0c24028a7844b87738263"
dependencies = [
 "aligned 0.3.4",
 "bare-metal 0.2.5",
 "bitfield",
 "volatile-register",
]

[[package]]
name = "cortex-m-rt"
version = "0.6.13"
source = "registry+https://github.com/rust-lang/crates.io-index"
checksum = "980c9d0233a909f355ed297ef122f257942de5e0a2cb1c39f60684b65bcb90fb"
dependencies = [
 "cortex-m-rt-macros",
 "r0",
]

[[package]]
name = "cortex-m-rt-macros"
version = "0.1.8"
source = "registry+https://github.com/rust-lang/crates.io-index"
checksum = "4717562afbba06e760d34451919f5c3bf3ac15c7bb897e8b04862a7428378647"
dependencies = [
 "proc-macro2",
 "quote",
 "syn",
]

[[package]]
name = "cortex-m-semihosting"
version = "0.3.5"
source = "registry+https://github.com/rust-lang/crates.io-index"
checksum = "113ef0ecffee2b62b58f9380f4469099b30e9f9cbee2804771b4203ba1762cfa"
dependencies = [
 "cortex-m 0.6.4",
]

[[package]]
name = "dht-sensor"
version = "0.1.1"
source = "git+https://github.com/michaelbeaumont/dht-sensor#fa44876720ff54a3631651895d1cd80595849d8f"
dependencies = [
 "embedded-hal",
]

[[package]]
name = "dht11"
version = "0.3.1"
source = "registry+https://github.com/rust-lang/crates.io-index"
checksum = "fa82acd8985622297d3feb1e2bf1ce177aaa1d6518df69524110410d08c7fb06"
dependencies = [
 "embedded-hal",
]

[[package]]
name = "display-interface"
version = "0.4.0"
source = "registry+https://github.com/rust-lang/crates.io-index"
checksum = "da12a892db5cce95ae247e8803dc653b1a73da3b0450f7983eb518dd54f583cf"

[[package]]
name = "display-interface-i2c"
version = "0.4.0"
source = "registry+https://github.com/rust-lang/crates.io-index"
checksum = "4895cd4e54e5536ef370d7f1eec787aad8275dd8ad15815aebfa71dd847b4ebf"
dependencies = [
 "display-interface",
 "embedded-hal",
]

[[package]]
name = "display-interface-spi"
version = "0.4.0"
source = "registry+https://github.com/rust-lang/crates.io-index"
checksum = "94d08c3a1682b166cbcbb4fe009a31a1834ba46c16599bf7a9b3cc7bc31b38b0"
dependencies = [
 "byte-slice-cast",
 "display-interface",
 "embedded-hal",
]

[[package]]
name = "eg_stm_hal"
version = "0.1.0"
dependencies = [
 "ads1x1x",
 "asm-delay",
 "cortex-m 0.6.4",
 "cortex-m-rt",
 "cortex-m-semihosting",
 "dht-sensor",
 "dht11",
 "embedded-graphics",
 "embedded-hal",
 "embedded-spi",
 "f3",
 "heapless",
 "mcp4x",
 "nb 1.0.0",
 "panic-halt",
 "panic-reset",
 "panic-semihosting",
 "radio",
 "radio-sx127x",
 "ssd1306",
 "stm32f0xx-hal",
 "stm32f1",
 "stm32f1xx-hal",
 "stm32f3",
 "stm32f3xx-hal",
 "stm32f4",
 "stm32f4xx-hal",
 "stm32f7xx-hal",
 "stm32h7xx-hal",
 "stm32l0xx-hal",
 "stm32l1",
 "stm32l1xx-hal",
 "stm32l4xx-hal",
 "sx127x_lora",
 "void",
]

[[package]]
name = "embedded-dma"
version = "0.1.2"
source = "registry+https://github.com/rust-lang/crates.io-index"
checksum = "46c8c02e4347a0267ca60813c952017f4c5948c232474c6010a381a337f1bda4"
dependencies = [
 "stable_deref_trait",
]

[[package]]
name = "embedded-graphics"
version = "0.6.2"
source = "registry+https://github.com/rust-lang/crates.io-index"
checksum = "40a69991ceb896bd4810a0cf2bcc46fc94b7860573c71f965d8e5b3d66942fed"
dependencies = [
 "byteorder",
]

[[package]]
name = "embedded-hal"
version = "0.2.4"
source = "registry+https://github.com/rust-lang/crates.io-index"
checksum = "fa998ce59ec9765d15216393af37a58961ddcefb14c753b4816ba2191d865fcb"
dependencies = [
 "nb 0.1.3",
 "void",
]

[[package]]
name = "embedded-spi"
version = "0.6.2"
source = "registry+https://github.com/rust-lang/crates.io-index"
checksum = "b5571fd6dcf36d58537276ea736c97e7358cfad9da9d48fc0a001b302e78933f"
dependencies = [
 "embedded-hal",
 "log",
]

[[package]]
name = "f3"
version = "0.6.1"
source = "registry+https://github.com/rust-lang/crates.io-index"
checksum = "f081c0ce81216d24179e220382c9d6199a6223c69584caa0d3b86691376ac4e9"
dependencies = [
 "l3gd20",
 "lsm303dlhc",
 "stm32f30x-hal",
]

[[package]]
name = "generic-array"
version = "0.11.1"
source = "registry+https://github.com/rust-lang/crates.io-index"
checksum = "8107dafa78c80c848b71b60133954b4a58609a3a1a5f9af037ecc7f67280f369"
dependencies = [
 "typenum",
]

[[package]]
name = "generic-array"
version = "0.12.3"
source = "registry+https://github.com/rust-lang/crates.io-index"
checksum = "c68f0274ae0e023facc3c97b2e00f076be70e254bc851d972503b328db79b2ec"
dependencies = [
 "typenum",
]

[[package]]
name = "generic-array"
version = "0.13.2"
source = "registry+https://github.com/rust-lang/crates.io-index"
checksum = "0ed1e761351b56f54eb9dcd0cfaca9fd0daecf93918e1cfc01c8a3d26ee7adcd"
dependencies = [
 "typenum",
]

[[package]]
name = "generic-array"
version = "0.14.4"
source = "registry+https://github.com/rust-lang/crates.io-index"
checksum = "501466ecc8a30d1d3b7fc9229b122b2ce8ed6e9d9223f1138d4babb253e51817"
dependencies = [
 "typenum",
 "version_check",
]

[[package]]
name = "hash32"
version = "0.1.1"
source = "registry+https://github.com/rust-lang/crates.io-index"
checksum = "d4041af86e63ac4298ce40e5cca669066e75b6f1aa3390fe2561ffa5e1d9f4cc"
dependencies = [
 "byteorder",
]

[[package]]
name = "heapless"
version = "0.4.4"
source = "registry+https://github.com/rust-lang/crates.io-index"
checksum = "e1ae80bbc62401ae8096976857172507cadbd2200f36670e5144634360a05959"
dependencies = [
 "as-slice",
 "generic-array 0.11.1",
 "hash32",
]

[[package]]
name = "l3gd20"
version = "0.2.0"
source = "registry+https://github.com/rust-lang/crates.io-index"
checksum = "f3da4a9711f4c14fc5cdf6631189de01c58536a00e5a370c071dcbd10b5b96ec"
dependencies = [
 "embedded-hal",
 "generic-array 0.11.1",
]

[[package]]
name = "libc"
version = "0.2.80"
source = "registry+https://github.com/rust-lang/crates.io-index"
checksum = "4d58d1b70b004888f764dfbf6a26a3b0342a1632d33968e4a179d8011c760614"

[[package]]
name = "log"
version = "0.4.11"
source = "registry+https://github.com/rust-lang/crates.io-index"
checksum = "4fabed175da42fed1fa0746b0ea71f412aa9d35e76e95e59b192c64b9dc2bf8b"
dependencies = [
 "cfg-if",
]

[[package]]
name = "lsm303dlhc"
version = "0.2.0"
source = "registry+https://github.com/rust-lang/crates.io-index"
checksum = "9e5d1a5c290951321d1b0d4a40edd828537de9889134a0e67c5146542ae57706"
dependencies = [
 "cast",
 "embedded-hal",
 "generic-array 0.11.1",
]

[[package]]
name = "mcp4x"
version = "0.1.0"
source = "git+https://github.com/eldruin/mcp4x-rs#da0b047ed2d54fdadc46f41dfed8f4feb550ab24"
dependencies = [
 "embedded-hal",
]

[[package]]
name = "micromath"
version = "1.1.0"
source = "registry+https://github.com/rust-lang/crates.io-index"
checksum = "be00a244d4394124986da477e8b2814dcb7995ab238817d9037bc336c4b0b843"

[[package]]
name = "nb"
version = "0.1.3"
source = "registry+https://github.com/rust-lang/crates.io-index"
checksum = "801d31da0513b6ec5214e9bf433a77966320625a37860f910be265be6e18d06f"
dependencies = [
 "nb 1.0.0",
]

[[package]]
name = "nb"
version = "1.0.0"
source = "registry+https://github.com/rust-lang/crates.io-index"
checksum = "546c37ac5d9e56f55e73b677106873d9d9f5190605e41a856503623648488cae"

[[package]]
name = "num-integer"
version = "0.1.44"
source = "registry+https://github.com/rust-lang/crates.io-index"
checksum = "d2cc698a63b549a70bc047073d2949cce27cd1c7b0a4a862d08a8031bc2801db"
dependencies = [
 "autocfg",
 "num-traits",
]

[[package]]
name = "num-traits"
version = "0.2.14"
source = "registry+https://github.com/rust-lang/crates.io-index"
checksum = "9a64b1ec5cda2586e284722486d802acf1f7dbdc623e2bfc57e65ca1cd099290"
dependencies = [
 "autocfg",
]

[[package]]
name = "panic-halt"
version = "0.2.0"
source = "registry+https://github.com/rust-lang/crates.io-index"
checksum = "de96540e0ebde571dc55c73d60ef407c653844e6f9a1e2fdbd40c07b9252d812"

[[package]]
name = "panic-reset"
version = "0.1.0"
source = "registry+https://github.com/rust-lang/crates.io-index"
checksum = "acee8535a38487c5c70d61ee87284710452cb3b265304463f20a0c5327a4a8a5"
dependencies = [
 "cortex-m 0.6.4",
]

[[package]]
name = "panic-semihosting"
version = "0.5.6"
source = "registry+https://github.com/rust-lang/crates.io-index"
checksum = "c3d55dedd501dfd02514646e0af4d7016ce36bc12ae177ef52056989966a1eec"
dependencies = [
 "cortex-m 0.6.4",
 "cortex-m-semihosting",
]

[[package]]
name = "paste"
version = "1.0.3"
source = "registry+https://github.com/rust-lang/crates.io-index"
checksum = "7151b083b0664ed58ed669fcdd92f01c3d2fdbf10af4931a301474950b52bfa9"

[[package]]
name = "proc-macro2"
version = "1.0.24"
source = "registry+https://github.com/rust-lang/crates.io-index"
checksum = "1e0704ee1a7e00d7bb417d0770ea303c1bccbabf0ef1667dae92b5967f5f8a71"
dependencies = [
 "unicode-xid",
]

[[package]]
name = "quote"
version = "1.0.7"
source = "registry+https://github.com/rust-lang/crates.io-index"
checksum = "aa563d17ecb180e500da1cfd2b028310ac758de548efdd203e18f283af693f37"
dependencies = [
 "proc-macro2",
]

[[package]]
name = "r0"
version = "0.2.2"
source = "registry+https://github.com/rust-lang/crates.io-index"
checksum = "e2a38df5b15c8d5c7e8654189744d8e396bddc18ad48041a500ce52d6948941f"

[[package]]
name = "radio"
version = "0.7.0"
source = "registry+https://github.com/rust-lang/crates.io-index"
checksum = "c2cfe519d23c26c678d169b34bf51e9c5cb0267ae18901f1037fa7caabc70dc5"
dependencies = [
 "async-trait",
 "embedded-hal",
 "log",
 "nb 0.1.3",
]

[[package]]
name = "radio-sx127x"
version = "0.10.1"
source = "git+https://github.com/rust-iot/rust-radio-sx127x?rev=2285c1ca9f527ab464a27f6a43af3b0a93130d2f#2285c1ca9f527ab464a27f6a43af3b0a93130d2f"
dependencies = [
 "bitflags",
 "embedded-hal",
 "embedded-spi",
 "libc",
 "log",
 "radio",
]

[[package]]
name = "rand_core"
version = "0.5.1"
source = "registry+https://github.com/rust-lang/crates.io-index"
checksum = "90bde5296fc891b0cef12a6d03ddccc162ce7b2aff54160af9338f8d40df6d19"

[[package]]
name = "rtcc"
version = "0.2.0"
source = "registry+https://github.com/rust-lang/crates.io-index"
checksum = "1048f7217bcd4bd977c01288e4973a69cf9195681f8b0b3a45d92ea21148f4a8"
dependencies = [
 "chrono",
]

[[package]]
name = "rustc_version"
version = "0.2.3"
source = "registry+https://github.com/rust-lang/crates.io-index"
checksum = "138e3e0acb6c9fb258b19b67cb8abd63c00679d2851805ea151465464fe9030a"
dependencies = [
 "semver",
]

[[package]]
name = "semver"
version = "0.9.0"
source = "registry+https://github.com/rust-lang/crates.io-index"
checksum = "1d7eb9ef2c18661902cc47e535f9bc51b78acd254da71d375c2f6720d9a40403"
dependencies = [
 "semver-parser",
]

[[package]]
name = "semver-parser"
version = "0.7.0"
source = "registry+https://github.com/rust-lang/crates.io-index"
checksum = "388a1df253eca08550bef6c72392cfe7c30914bf41df5269b68cbd6ff8f570a3"

[[package]]
name = "ssd1306"
version = "0.4.0"
source = "git+https://github.com/jamwaffles/ssd1306#dc4111f5087d62d3f769ddb774f5cf863dad5492"
dependencies = [
 "display-interface",
 "display-interface-i2c",
 "display-interface-spi",
 "embedded-graphics",
 "embedded-hal",
 "generic-array 0.14.4",
]

[[package]]
name = "stable_deref_trait"
version = "1.2.0"
source = "registry+https://github.com/rust-lang/crates.io-index"
checksum = "a8f112729512f8e442d81f95a8a7ddf2b7c6b8a1a6f509a95864142b30cab2d3"

[[package]]
name = "stm32-usbd"
version = "0.5.1"
source = "registry+https://github.com/rust-lang/crates.io-index"
checksum = "70d13eca735cae37df697f599777b000cc0ee924df8452f2b4bfaa6798ab0338"
dependencies = [
 "cortex-m 0.6.4",
 "usb-device",
 "vcell",
]

[[package]]
name = "stm32f0"
version = "0.12.1"
source = "registry+https://github.com/rust-lang/crates.io-index"
checksum = "401a6a390b26fff7c8166049cac102511d557fd5204f5d4795bfb00301b00730"
dependencies = [
 "bare-metal 0.2.5",
 "cortex-m 0.6.4",
 "cortex-m-rt",
 "vcell",
]

[[package]]
name = "stm32f0xx-hal"
version = "0.17.1"
source = "git+https://github.com/stm32-rs/stm32f0xx-hal#2bb8bb9637bbba6163c885ca48524a708128413e"
dependencies = [
 "bare-metal 1.0.0",
 "cast",
 "cortex-m 0.6.4",
 "embedded-hal",
 "nb 1.0.0",
 "stm32f0",
 "void",
]

[[package]]
name = "stm32f1"
version = "0.11.0"
source = "registry+https://github.com/rust-lang/crates.io-index"
checksum = "849b1e8d9bcfd792c9d9178cf86165d299a661c26e35d9322ae9382d3f3fe460"
dependencies = [
 "bare-metal 0.2.5",
 "cortex-m 0.6.4",
 "cortex-m-rt",
 "vcell",
]

[[package]]
name = "stm32f1xx-hal"
version = "0.7.0"
source = "git+https://github.com/stm32-rs/stm32f1xx-hal#a100426a2726048715d058c195b0d6e08aeea4c8"
dependencies = [
 "cast",
 "cortex-m 0.6.4",
 "cortex-m-rt",
 "embedded-dma",
 "embedded-hal",
 "nb 0.1.3",
 "stm32f1",
 "void",
]

[[package]]
name = "stm32f3"
version = "0.12.1"
source = "registry+https://github.com/rust-lang/crates.io-index"
checksum = "636387c2c5af11075c8ed3ef203c01460204be3a479397c2380622cbd61a673f"
dependencies = [
 "bare-metal 0.2.5",
 "cortex-m 0.6.4",
 "cortex-m-rt",
 "vcell",
]

[[package]]
name = "stm32f30x"
version = "0.7.1"
source = "registry+https://github.com/rust-lang/crates.io-index"
checksum = "6ccfdb5ee5de8c8c2d89645fa3d213148322a60ee90597fe1d656d463881763b"
dependencies = [
 "bare-metal 0.2.5",
 "cortex-m 0.5.10",
 "vcell",
]

[[package]]
name = "stm32f30x-hal"
version = "0.2.0"
source = "registry+https://github.com/rust-lang/crates.io-index"
checksum = "6b413661b50595f7b34f66612b1f793a1ff687dad7daf5a5544663ed2fd7482c"
dependencies = [
 "cast",
 "cortex-m 0.5.10",
 "embedded-hal",
 "nb 0.1.3",
 "stm32f30x",
 "void",
]

[[package]]
name = "stm32f3xx-hal"
version = "0.5.0"
source = "git+https://github.com/stm32-rs/stm32f3xx-hal#f88d50eaa1397969735ba03335331d5a8437c27a"
dependencies = [
 "bare-metal 0.2.5",
 "cast",
 "cfg-if",
 "cortex-m 0.6.4",
 "cortex-m-rt",
 "embedded-dma",
 "embedded-hal",
 "nb 0.1.3",
 "paste",
 "rtcc",
 "stm32-usbd",
 "stm32f3",
 "void",
]

[[package]]
name = "stm32f4"
version = "0.11.0"
source = "registry+https://github.com/rust-lang/crates.io-index"
checksum = "11460b4de3a84f072e2cf6e76306c64d27f405a0e83bace0a726f555ddf4bf33"
dependencies = [
 "bare-metal 0.2.5",
 "cortex-m 0.6.4",
 "cortex-m-rt",
 "vcell",
]

[[package]]
name = "stm32f4xx-hal"
version = "0.8.3"
source = "git+https://github.com/stm32-rs/stm32f4xx-hal#757e9c7efe531f49dd56fcc0bc9d55fb4bb2ddb9"
dependencies = [
 "bare-metal 0.2.5",
 "cast",
 "cortex-m 0.6.4",
 "cortex-m-rt",
 "embedded-dma",
 "embedded-hal",
 "nb 0.1.3",
 "rand_core",
 "stm32f4",
 "void",
]

[[package]]
name = "stm32f7"
version = "0.11.0"
source = "registry+https://github.com/rust-lang/crates.io-index"
checksum = "e8e6dbd8bf0965421c0c76c09e05683e71243216bf4d87984c7f95ed53caa28c"
dependencies = [
 "bare-metal 0.2.5",
 "cortex-m 0.6.4",
 "cortex-m-rt",
 "vcell",
]

[[package]]
name = "stm32f7xx-hal"
version = "0.2.0"
source = "git+https://github.com/stm32-rs/stm32f7xx-hal#0dcdd250c9ad964b28eb9b89bcd4c9ecf1bab31a"
dependencies = [
 "as-slice",
 "bare-metal 0.2.5",
 "cast",
 "cortex-m 0.6.4",
 "cortex-m-rt",
 "embedded-hal",
 "micromath",
 "nb 0.1.3",
 "rtcc",
 "stm32f7",
 "void",
]

[[package]]
name = "stm32h7"
version = "0.12.1"
source = "registry+https://github.com/rust-lang/crates.io-index"
checksum = "7571f17d1ed7d67957d0004de6c52bd1ef5e736ed5ddc2bcecf001512269f77c"
dependencies = [
 "bare-metal 0.2.5",
 "cortex-m 0.6.4",
 "cortex-m-rt",
 "vcell",
]

[[package]]
name = "stm32h7xx-hal"
version = "0.8.0"
source = "git+https://github.com/stm32-rs/stm32h7xx-hal#9426c3fa6d10e847bd739843322f07ef31d21071"
dependencies = [
 "bare-metal 1.0.0",
 "cast",
 "cortex-m 0.6.4",
 "cortex-m-rt",
 "embedded-hal",
 "nb 1.0.0",
 "paste",
 "stm32h7",
 "void",
]

[[package]]
name = "stm32l0"
version = "0.10.0"
source = "registry+https://github.com/rust-lang/crates.io-index"
checksum = "8386ff55bd099b3c6c7ea16bb68296cbe6025981f96ed69b222b6e6633ca6148"
dependencies = [
 "bare-metal 0.2.5",
 "cortex-m 0.6.4",
 "cortex-m-rt",
 "vcell",
]

[[package]]
name = "stm32l0xx-hal"
version = "0.6.2"
source = "git+https://github.com/stm32-rs/stm32l0xx-hal#5e32fa4321dc061cdabb23a49bc055529ce08f14"
dependencies = [
 "as-slice",
 "cast",
 "cortex-m 0.6.4",
 "cortex-m-rt",
 "cortex-m-semihosting",
 "embedded-hal",
 "nb 0.1.3",
 "stm32l0",
 "void",
]

[[package]]
name = "stm32l1"
version = "0.5.0"
source = "registry+https://github.com/rust-lang/crates.io-index"
checksum = "edda4346740d0f01082c353dca33b320e84f9fb51765fdcac7a624017c5a8ff4"
dependencies = [
 "bare-metal 0.2.5",
 "cortex-m 0.5.10",
 "cortex-m-rt",
 "vcell",
]

[[package]]
name = "stm32l1xx-hal"
version = "0.1.0"
source = "git+https://github.com/stm32-rs/stm32l1xx-hal#b5bfb4ff069889233baf5bfda75eea4cbb5ce5f8"
dependencies = [
 "bare-metal 0.2.5",
 "cast",
 "cortex-m 0.5.10",
 "embedded-hal",
 "nb 0.1.3",
 "stm32l1",
 "void",
]

[[package]]
name = "stm32l4"
version = "0.12.1"
source = "registry+https://github.com/rust-lang/crates.io-index"
checksum = "a9abc2787195d7055b342be5a7934d74099fd7e92b81c0771002b3b35ccfc85b"
dependencies = [
 "bare-metal 0.2.5",
 "cortex-m 0.6.4",
 "cortex-m-rt",
 "vcell",
]

[[package]]
name = "stm32l4xx-hal"
version = "0.5.0"
source = "git+https://github.com/stm32-rs/stm32l4xx-hal#d741438f4fcf9b538981a36bc8a63d8a472de887"
dependencies = [
 "as-slice",
 "cast",
 "cortex-m 0.6.4",
 "embedded-hal",
 "generic-array 0.13.2",
 "nb 0.1.3",
 "stable_deref_trait",
 "stm32l4",
 "void",
]

[[package]]
name = "sx127x_lora"
version = "0.3.1"
source = "git+https://github.com/hdoordt/sx127x_lora#69548a73c86706974b1b0fcd54b1b385fb1b62ed"
dependencies = [
 "bit_field",
 "embedded-hal",
]

[[package]]
name = "syn"
version = "1.0.48"
source = "registry+https://github.com/rust-lang/crates.io-index"
checksum = "cc371affeffc477f42a221a1e4297aedcea33d47d19b61455588bd9d8f6b19ac"
dependencies = [
 "proc-macro2",
 "quote",
 "unicode-xid",
]

[[package]]
name = "typenum"
version = "1.12.0"
source = "registry+https://github.com/rust-lang/crates.io-index"
checksum = "373c8a200f9e67a0c95e62a4f52fbf80c23b4381c05a17845531982fa99e6b33"

[[package]]
name = "unicode-xid"
version = "0.2.1"
source = "registry+https://github.com/rust-lang/crates.io-index"
checksum = "f7fe0bb3479651439c9112f72b6c505038574c9fbb575ed1bf3b797fa39dd564"

[[package]]
name = "usb-device"
version = "0.2.7"
source = "registry+https://github.com/rust-lang/crates.io-index"
checksum = "849eed9b4dc61a1f17ba1d7a5078ceb095b9410caa38a506eb281ed5eff12fbd"

[[package]]
name = "vcell"
version = "0.1.2"
source = "registry+https://github.com/rust-lang/crates.io-index"
checksum = "876e32dcadfe563a4289e994f7cb391197f362b6315dc45e8ba4aa6f564a4b3c"

[[package]]
name = "version_check"
version = "0.9.2"
source = "registry+https://github.com/rust-lang/crates.io-index"
checksum = "b5a972e5669d67ba988ce3dc826706fb0a8b01471c088cb0b6110b805cc36aed"

[[package]]
name = "void"
version = "1.0.2"
source = "registry+https://github.com/rust-lang/crates.io-index"
checksum = "6a02e4885ed3bc0f2de90ea6dd45ebcbb66dacffe03547fadbb0eeae2770887d"

[[package]]
name = "volatile-register"
version = "0.2.0"
source = "registry+https://github.com/rust-lang/crates.io-index"
checksum = "0d67cb4616d99b940db1d6bd28844ff97108b498a6ca850e5b6191a532063286"
dependencies = [
 "vcell",
]
