# This file is automatically @generated by Cargo.
# It is not intended for manual editing.
[[package]]
name = "ads1x1x"
version = "0.2.1"
source = "registry+https://github.com/rust-lang/crates.io-index"
dependencies = [
 "embedded-hal 0.2.4 (registry+https://github.com/rust-lang/crates.io-index)",
 "nb 0.1.3 (registry+https://github.com/rust-lang/crates.io-index)",
]

[[package]]
name = "aligned"
version = "0.2.0"
source = "registry+https://github.com/rust-lang/crates.io-index"

[[package]]
name = "aligned"
version = "0.3.4"
source = "registry+https://github.com/rust-lang/crates.io-index"
dependencies = [
 "as-slice 0.1.3 (registry+https://github.com/rust-lang/crates.io-index)",
]

[[package]]
name = "as-slice"
version = "0.1.3"
source = "registry+https://github.com/rust-lang/crates.io-index"
dependencies = [
 "generic-array 0.12.3 (registry+https://github.com/rust-lang/crates.io-index)",
 "generic-array 0.13.2 (registry+https://github.com/rust-lang/crates.io-index)",
 "stable_deref_trait 1.2.0 (registry+https://github.com/rust-lang/crates.io-index)",
]

[[package]]
name = "asm-delay"
version = "0.7.2"
source = "registry+https://github.com/rust-lang/crates.io-index"
dependencies = [
 "bitrate 0.1.1 (registry+https://github.com/rust-lang/crates.io-index)",
 "cortex-m 0.6.3 (registry+https://github.com/rust-lang/crates.io-index)",
 "embedded-hal 0.2.4 (registry+https://github.com/rust-lang/crates.io-index)",
]

[[package]]
name = "bare-metal"
version = "0.2.5"
source = "registry+https://github.com/rust-lang/crates.io-index"
dependencies = [
 "rustc_version 0.2.3 (registry+https://github.com/rust-lang/crates.io-index)",
]

[[package]]
name = "bit_field"
version = "0.10.0"
source = "registry+https://github.com/rust-lang/crates.io-index"

[[package]]
name = "bitfield"
version = "0.13.2"
source = "registry+https://github.com/rust-lang/crates.io-index"

[[package]]
name = "bitrate"
version = "0.1.1"
source = "registry+https://github.com/rust-lang/crates.io-index"

[[package]]
name = "byte-slice-cast"
version = "0.3.5"
source = "registry+https://github.com/rust-lang/crates.io-index"

[[package]]
name = "byteorder"
version = "1.3.4"
source = "registry+https://github.com/rust-lang/crates.io-index"

[[package]]
name = "cast"
version = "0.2.3"
source = "registry+https://github.com/rust-lang/crates.io-index"
dependencies = [
 "rustc_version 0.2.3 (registry+https://github.com/rust-lang/crates.io-index)",
]

[[package]]
name = "cobs"
version = "0.1.4"
source = "registry+https://github.com/rust-lang/crates.io-index"

[[package]]
name = "cortex-m"
version = "0.5.10"
source = "registry+https://github.com/rust-lang/crates.io-index"
dependencies = [
 "aligned 0.2.0 (registry+https://github.com/rust-lang/crates.io-index)",
 "bare-metal 0.2.5 (registry+https://github.com/rust-lang/crates.io-index)",
 "cortex-m 0.6.3 (registry+https://github.com/rust-lang/crates.io-index)",
 "volatile-register 0.2.0 (registry+https://github.com/rust-lang/crates.io-index)",
]

[[package]]
name = "cortex-m"
version = "0.6.3"
source = "registry+https://github.com/rust-lang/crates.io-index"
dependencies = [
 "aligned 0.3.4 (registry+https://github.com/rust-lang/crates.io-index)",
 "bare-metal 0.2.5 (registry+https://github.com/rust-lang/crates.io-index)",
 "bitfield 0.13.2 (registry+https://github.com/rust-lang/crates.io-index)",
 "volatile-register 0.2.0 (registry+https://github.com/rust-lang/crates.io-index)",
]

[[package]]
name = "cortex-m-rt"
version = "0.6.12"
source = "registry+https://github.com/rust-lang/crates.io-index"
dependencies = [
 "cortex-m-rt-macros 0.1.8 (registry+https://github.com/rust-lang/crates.io-index)",
 "r0 0.2.2 (registry+https://github.com/rust-lang/crates.io-index)",
]

[[package]]
name = "cortex-m-rt-macros"
version = "0.1.8"
source = "registry+https://github.com/rust-lang/crates.io-index"
dependencies = [
 "proc-macro2 1.0.19 (registry+https://github.com/rust-lang/crates.io-index)",
 "quote 1.0.7 (registry+https://github.com/rust-lang/crates.io-index)",
 "syn 1.0.38 (registry+https://github.com/rust-lang/crates.io-index)",
]

[[package]]
name = "cortex-m-rtfm"
version = "0.4.3"
source = "registry+https://github.com/rust-lang/crates.io-index"
dependencies = [
 "cortex-m 0.5.10 (registry+https://github.com/rust-lang/crates.io-index)",
 "cortex-m-rt 0.6.12 (registry+https://github.com/rust-lang/crates.io-index)",
 "cortex-m-rtfm-macros 0.4.3 (registry+https://github.com/rust-lang/crates.io-index)",
 "heapless 0.4.4 (registry+https://github.com/rust-lang/crates.io-index)",
 "owned-singleton 0.1.0 (registry+https://github.com/rust-lang/crates.io-index)",
]

[[package]]
name = "cortex-m-rtfm-macros"
version = "0.4.3"
source = "registry+https://github.com/rust-lang/crates.io-index"
dependencies = [
 "proc-macro2 0.4.30 (registry+https://github.com/rust-lang/crates.io-index)",
 "quote 0.6.13 (registry+https://github.com/rust-lang/crates.io-index)",
 "rand 0.5.6 (registry+https://github.com/rust-lang/crates.io-index)",
 "syn 0.15.44 (registry+https://github.com/rust-lang/crates.io-index)",
]

[[package]]
name = "cortex-m-semihosting"
version = "0.3.5"
source = "registry+https://github.com/rust-lang/crates.io-index"
dependencies = [
 "cortex-m 0.6.3 (registry+https://github.com/rust-lang/crates.io-index)",
]

[[package]]
name = "crc16"
version = "0.4.0"
source = "registry+https://github.com/rust-lang/crates.io-index"

[[package]]
name = "dht-sensor"
version = "0.1.1"
source = "git+https://github.com/michaelbeaumont/dht-sensor#fa44876720ff54a3631651895d1cd80595849d8f"
dependencies = [
 "embedded-hal 0.2.4 (registry+https://github.com/rust-lang/crates.io-index)",
]

[[package]]
name = "dht11"
version = "0.3.1"
source = "registry+https://github.com/rust-lang/crates.io-index"
dependencies = [
 "embedded-hal 0.2.4 (registry+https://github.com/rust-lang/crates.io-index)",
]

[[package]]
name = "display-interface"
version = "0.4.0"
source = "registry+https://github.com/rust-lang/crates.io-index"

[[package]]
name = "display-interface-i2c"
version = "0.4.0"
source = "registry+https://github.com/rust-lang/crates.io-index"
dependencies = [
 "display-interface 0.4.0 (registry+https://github.com/rust-lang/crates.io-index)",
 "embedded-hal 0.2.4 (registry+https://github.com/rust-lang/crates.io-index)",
]

[[package]]
name = "display-interface-spi"
version = "0.4.0"
source = "registry+https://github.com/rust-lang/crates.io-index"
dependencies = [
 "byte-slice-cast 0.3.5 (registry+https://github.com/rust-lang/crates.io-index)",
 "display-interface 0.4.0 (registry+https://github.com/rust-lang/crates.io-index)",
 "embedded-hal 0.2.4 (registry+https://github.com/rust-lang/crates.io-index)",
]

[[package]]
name = "eg_stm_hal"
version = "0.1.0"
dependencies = [
 "ads1x1x 0.2.1 (registry+https://github.com/rust-lang/crates.io-index)",
 "asm-delay 0.7.2 (registry+https://github.com/rust-lang/crates.io-index)",
 "byteorder 1.3.4 (registry+https://github.com/rust-lang/crates.io-index)",
 "cast 0.2.3 (registry+https://github.com/rust-lang/crates.io-index)",
 "cobs 0.1.4 (registry+https://github.com/rust-lang/crates.io-index)",
 "cortex-m 0.6.3 (registry+https://github.com/rust-lang/crates.io-index)",
 "cortex-m-rt 0.6.12 (registry+https://github.com/rust-lang/crates.io-index)",
 "cortex-m-rtfm 0.4.3 (registry+https://github.com/rust-lang/crates.io-index)",
 "cortex-m-semihosting 0.3.5 (registry+https://github.com/rust-lang/crates.io-index)",
 "crc16 0.4.0 (registry+https://github.com/rust-lang/crates.io-index)",
 "dht-sensor 0.1.1 (git+https://github.com/michaelbeaumont/dht-sensor)",
 "dht11 0.3.1 (registry+https://github.com/rust-lang/crates.io-index)",
 "either 1.5.3 (registry+https://github.com/rust-lang/crates.io-index)",
 "embedded-graphics 0.6.2 (registry+https://github.com/rust-lang/crates.io-index)",
 "embedded-hal 0.2.4 (registry+https://github.com/rust-lang/crates.io-index)",
 "enc28j60 0.2.1 (registry+https://github.com/rust-lang/crates.io-index)",
 "heapless 0.4.4 (registry+https://github.com/rust-lang/crates.io-index)",
 "m 0.1.1 (registry+https://github.com/rust-lang/crates.io-index)",
 "mfrc522 0.2.0 (registry+https://github.com/rust-lang/crates.io-index)",
 "nb 0.1.3 (registry+https://github.com/rust-lang/crates.io-index)",
 "panic-halt 0.2.0 (registry+https://github.com/rust-lang/crates.io-index)",
 "panic-itm 0.4.1 (registry+https://github.com/rust-lang/crates.io-index)",
 "panic-semihosting 0.5.3 (registry+https://github.com/rust-lang/crates.io-index)",
 "serde 1.0.114 (registry+https://github.com/rust-lang/crates.io-index)",
 "serde_derive 1.0.114 (registry+https://github.com/rust-lang/crates.io-index)",
 "shared-bus 0.1.4 (registry+https://github.com/rust-lang/crates.io-index)",
 "ssd1306 0.4.0 (git+https://github.com/jamwaffles/ssd1306)",
 "stm32f1 0.11.0 (registry+https://github.com/rust-lang/crates.io-index)",
 "stm32f1xx-hal 0.6.1 (git+https://github.com/stm32-rs/stm32f1xx-hal)",
 "stm32f3 0.11.0 (registry+https://github.com/rust-lang/crates.io-index)",
 "stm32f3xx-hal 0.5.0 (git+https://github.com/stm32-rs/stm32f3xx-hal)",
 "stm32f4 0.11.0 (registry+https://github.com/rust-lang/crates.io-index)",
 "stm32f4xx-hal 0.8.3 (git+https://github.com/stm32-rs/stm32f4xx-hal)",
 "stm32l1 0.5.0 (registry+https://github.com/rust-lang/crates.io-index)",
 "stm32l1xx-hal 0.1.0 (git+https://github.com/stm32-rs/stm32l1xx-hal)",
 "sx127x_lora 0.3.1 (git+https://github.com/mvniekerk/sx127x_lora)",
 "void 1.0.2 (registry+https://github.com/rust-lang/crates.io-index)",
]

[[package]]
name = "either"
version = "1.5.3"
source = "registry+https://github.com/rust-lang/crates.io-index"

[[package]]
name = "embedded-graphics"
version = "0.6.2"
source = "registry+https://github.com/rust-lang/crates.io-index"
dependencies = [
 "byteorder 1.3.4 (registry+https://github.com/rust-lang/crates.io-index)",
]

[[package]]
name = "embedded-hal"
version = "0.2.4"
source = "registry+https://github.com/rust-lang/crates.io-index"
dependencies = [
 "nb 0.1.3 (registry+https://github.com/rust-lang/crates.io-index)",
 "void 1.0.2 (registry+https://github.com/rust-lang/crates.io-index)",
]

[[package]]
name = "enc28j60"
version = "0.2.1"
source = "registry+https://github.com/rust-lang/crates.io-index"
dependencies = [
 "byteorder 1.3.4 (registry+https://github.com/rust-lang/crates.io-index)",
 "cast 0.2.3 (registry+https://github.com/rust-lang/crates.io-index)",
 "embedded-hal 0.2.4 (registry+https://github.com/rust-lang/crates.io-index)",
]

[[package]]
name = "generic-array"
version = "0.11.1"
source = "registry+https://github.com/rust-lang/crates.io-index"
dependencies = [
 "typenum 1.12.0 (registry+https://github.com/rust-lang/crates.io-index)",
]

[[package]]
name = "generic-array"
version = "0.12.3"
source = "registry+https://github.com/rust-lang/crates.io-index"
dependencies = [
 "typenum 1.12.0 (registry+https://github.com/rust-lang/crates.io-index)",
]

[[package]]
name = "generic-array"
version = "0.13.2"
source = "registry+https://github.com/rust-lang/crates.io-index"
dependencies = [
 "typenum 1.12.0 (registry+https://github.com/rust-lang/crates.io-index)",
]

[[package]]
name = "generic-array"
version = "0.14.4"
source = "registry+https://github.com/rust-lang/crates.io-index"
dependencies = [
 "typenum 1.12.0 (registry+https://github.com/rust-lang/crates.io-index)",
 "version_check 0.9.2 (registry+https://github.com/rust-lang/crates.io-index)",
]

[[package]]
name = "hash32"
version = "0.1.1"
source = "registry+https://github.com/rust-lang/crates.io-index"
dependencies = [
 "byteorder 1.3.4 (registry+https://github.com/rust-lang/crates.io-index)",
]

[[package]]
name = "heapless"
version = "0.4.4"
source = "registry+https://github.com/rust-lang/crates.io-index"
dependencies = [
 "as-slice 0.1.3 (registry+https://github.com/rust-lang/crates.io-index)",
 "generic-array 0.11.1 (registry+https://github.com/rust-lang/crates.io-index)",
 "hash32 0.1.1 (registry+https://github.com/rust-lang/crates.io-index)",
]

[[package]]
name = "m"
version = "0.1.1"
source = "registry+https://github.com/rust-lang/crates.io-index"

[[package]]
name = "mfrc522"
version = "0.2.0"
source = "registry+https://github.com/rust-lang/crates.io-index"
dependencies = [
 "embedded-hal 0.2.4 (registry+https://github.com/rust-lang/crates.io-index)",
 "generic-array 0.11.1 (registry+https://github.com/rust-lang/crates.io-index)",
]

[[package]]
name = "nb"
version = "0.1.3"
source = "registry+https://github.com/rust-lang/crates.io-index"
dependencies = [
 "nb 1.0.0 (registry+https://github.com/rust-lang/crates.io-index)",
]

[[package]]
name = "nb"
version = "1.0.0"
source = "registry+https://github.com/rust-lang/crates.io-index"

[[package]]
name = "owned-singleton"
version = "0.1.0"
source = "registry+https://github.com/rust-lang/crates.io-index"
dependencies = [
 "owned-singleton-macros 0.1.0 (registry+https://github.com/rust-lang/crates.io-index)",
 "stable_deref_trait 1.2.0 (registry+https://github.com/rust-lang/crates.io-index)",
]

[[package]]
name = "owned-singleton-macros"
version = "0.1.0"
source = "registry+https://github.com/rust-lang/crates.io-index"
dependencies = [
 "proc-macro2 0.4.30 (registry+https://github.com/rust-lang/crates.io-index)",
 "quote 0.6.13 (registry+https://github.com/rust-lang/crates.io-index)",
 "rand 0.5.6 (registry+https://github.com/rust-lang/crates.io-index)",
 "syn 0.15.44 (registry+https://github.com/rust-lang/crates.io-index)",
]

[[package]]
name = "panic-halt"
version = "0.2.0"
source = "registry+https://github.com/rust-lang/crates.io-index"

[[package]]
name = "panic-itm"
version = "0.4.1"
source = "registry+https://github.com/rust-lang/crates.io-index"
dependencies = [
 "cortex-m 0.6.3 (registry+https://github.com/rust-lang/crates.io-index)",
]

[[package]]
name = "panic-semihosting"
version = "0.5.3"
source = "registry+https://github.com/rust-lang/crates.io-index"
dependencies = [
 "cortex-m 0.6.3 (registry+https://github.com/rust-lang/crates.io-index)",
 "cortex-m-semihosting 0.3.5 (registry+https://github.com/rust-lang/crates.io-index)",
]

[[package]]
name = "proc-macro2"
version = "0.4.30"
source = "registry+https://github.com/rust-lang/crates.io-index"
dependencies = [
 "unicode-xid 0.1.0 (registry+https://github.com/rust-lang/crates.io-index)",
]

[[package]]
name = "proc-macro2"
version = "1.0.19"
source = "registry+https://github.com/rust-lang/crates.io-index"
dependencies = [
 "unicode-xid 0.2.1 (registry+https://github.com/rust-lang/crates.io-index)",
]

[[package]]
name = "quote"
version = "0.6.13"
source = "registry+https://github.com/rust-lang/crates.io-index"
dependencies = [
 "proc-macro2 0.4.30 (registry+https://github.com/rust-lang/crates.io-index)",
]

[[package]]
name = "quote"
version = "1.0.7"
source = "registry+https://github.com/rust-lang/crates.io-index"
dependencies = [
 "proc-macro2 1.0.19 (registry+https://github.com/rust-lang/crates.io-index)",
]

[[package]]
name = "r0"
version = "0.2.2"
source = "registry+https://github.com/rust-lang/crates.io-index"

[[package]]
name = "rand"
version = "0.5.6"
source = "registry+https://github.com/rust-lang/crates.io-index"
dependencies = [
 "rand_core 0.3.1 (registry+https://github.com/rust-lang/crates.io-index)",
]

[[package]]
name = "rand_core"
version = "0.3.1"
source = "registry+https://github.com/rust-lang/crates.io-index"
dependencies = [
 "rand_core 0.4.2 (registry+https://github.com/rust-lang/crates.io-index)",
]

[[package]]
name = "rand_core"
version = "0.4.2"
source = "registry+https://github.com/rust-lang/crates.io-index"

[[package]]
name = "rand_core"
version = "0.5.1"
source = "registry+https://github.com/rust-lang/crates.io-index"

[[package]]
name = "rustc_version"
version = "0.2.3"
source = "registry+https://github.com/rust-lang/crates.io-index"
dependencies = [
 "semver 0.9.0 (registry+https://github.com/rust-lang/crates.io-index)",
]

[[package]]
name = "semver"
version = "0.9.0"
source = "registry+https://github.com/rust-lang/crates.io-index"
dependencies = [
 "semver-parser 0.7.0 (registry+https://github.com/rust-lang/crates.io-index)",
]

[[package]]
name = "semver-parser"
version = "0.7.0"
source = "registry+https://github.com/rust-lang/crates.io-index"

[[package]]
name = "serde"
version = "1.0.114"
source = "registry+https://github.com/rust-lang/crates.io-index"

[[package]]
name = "serde_derive"
version = "1.0.114"
source = "registry+https://github.com/rust-lang/crates.io-index"
dependencies = [
 "proc-macro2 1.0.19 (registry+https://github.com/rust-lang/crates.io-index)",
 "quote 1.0.7 (registry+https://github.com/rust-lang/crates.io-index)",
 "syn 1.0.38 (registry+https://github.com/rust-lang/crates.io-index)",
]

[[package]]
name = "shared-bus"
version = "0.1.4"
source = "registry+https://github.com/rust-lang/crates.io-index"
dependencies = [
 "cortex-m 0.5.10 (registry+https://github.com/rust-lang/crates.io-index)",
 "embedded-hal 0.2.4 (registry+https://github.com/rust-lang/crates.io-index)",
]

[[package]]
name = "ssd1306"
version = "0.4.0"
source = "git+https://github.com/jamwaffles/ssd1306#420fdbfabe57b7dacf1d70a83da2979790629ea3"
dependencies = [
 "display-interface 0.4.0 (registry+https://github.com/rust-lang/crates.io-index)",
 "display-interface-i2c 0.4.0 (registry+https://github.com/rust-lang/crates.io-index)",
 "display-interface-spi 0.4.0 (registry+https://github.com/rust-lang/crates.io-index)",
 "embedded-graphics 0.6.2 (registry+https://github.com/rust-lang/crates.io-index)",
 "embedded-hal 0.2.4 (registry+https://github.com/rust-lang/crates.io-index)",
 "generic-array 0.14.4 (registry+https://github.com/rust-lang/crates.io-index)",
]

[[package]]
name = "stable_deref_trait"
version = "1.2.0"
source = "registry+https://github.com/rust-lang/crates.io-index"

[[package]]
name = "stm32-usbd"
version = "0.5.1"
source = "registry+https://github.com/rust-lang/crates.io-index"
dependencies = [
 "cortex-m 0.6.3 (registry+https://github.com/rust-lang/crates.io-index)",
 "usb-device 0.2.5 (registry+https://github.com/rust-lang/crates.io-index)",
 "vcell 0.1.2 (registry+https://github.com/rust-lang/crates.io-index)",
]

[[package]]
name = "stm32f1"
version = "0.11.0"
source = "registry+https://github.com/rust-lang/crates.io-index"
dependencies = [
 "bare-metal 0.2.5 (registry+https://github.com/rust-lang/crates.io-index)",
 "cortex-m 0.6.3 (registry+https://github.com/rust-lang/crates.io-index)",
 "cortex-m-rt 0.6.12 (registry+https://github.com/rust-lang/crates.io-index)",
 "vcell 0.1.2 (registry+https://github.com/rust-lang/crates.io-index)",
]

[[package]]
name = "stm32f1xx-hal"
version = "0.6.1"
source = "git+https://github.com/stm32-rs/stm32f1xx-hal#1b32169f08cdc585c60e42c6266e741fbbea560d"
dependencies = [
 "as-slice 0.1.3 (registry+https://github.com/rust-lang/crates.io-index)",
 "cast 0.2.3 (registry+https://github.com/rust-lang/crates.io-index)",
 "cortex-m 0.6.3 (registry+https://github.com/rust-lang/crates.io-index)",
 "cortex-m-rt 0.6.12 (registry+https://github.com/rust-lang/crates.io-index)",
 "embedded-hal 0.2.4 (registry+https://github.com/rust-lang/crates.io-index)",
 "nb 0.1.3 (registry+https://github.com/rust-lang/crates.io-index)",
 "stm32f1 0.11.0 (registry+https://github.com/rust-lang/crates.io-index)",
 "void 1.0.2 (registry+https://github.com/rust-lang/crates.io-index)",
]

[[package]]
name = "stm32f3"
version = "0.11.0"
source = "registry+https://github.com/rust-lang/crates.io-index"
dependencies = [
 "bare-metal 0.2.5 (registry+https://github.com/rust-lang/crates.io-index)",
 "cortex-m 0.6.3 (registry+https://github.com/rust-lang/crates.io-index)",
 "cortex-m-rt 0.6.12 (registry+https://github.com/rust-lang/crates.io-index)",
 "vcell 0.1.2 (registry+https://github.com/rust-lang/crates.io-index)",
]

[[package]]
name = "stm32f3xx-hal"
version = "0.5.0"
source = "git+https://github.com/stm32-rs/stm32f3xx-hal#5a1c06ebb41951dfb1a7e5b416c4cbc4222fe483"
dependencies = [
 "bare-metal 0.2.5 (registry+https://github.com/rust-lang/crates.io-index)",
 "cast 0.2.3 (registry+https://github.com/rust-lang/crates.io-index)",
 "cortex-m 0.6.3 (registry+https://github.com/rust-lang/crates.io-index)",
 "cortex-m-rt 0.6.12 (registry+https://github.com/rust-lang/crates.io-index)",
 "embedded-hal 0.2.4 (registry+https://github.com/rust-lang/crates.io-index)",
 "nb 0.1.3 (registry+https://github.com/rust-lang/crates.io-index)",
 "stable_deref_trait 1.2.0 (registry+https://github.com/rust-lang/crates.io-index)",
 "stm32-usbd 0.5.1 (registry+https://github.com/rust-lang/crates.io-index)",
 "stm32f3 0.11.0 (registry+https://github.com/rust-lang/crates.io-index)",
 "void 1.0.2 (registry+https://github.com/rust-lang/crates.io-index)",
]

[[package]]
name = "stm32f4"
version = "0.11.0"
source = "registry+https://github.com/rust-lang/crates.io-index"
dependencies = [
 "bare-metal 0.2.5 (registry+https://github.com/rust-lang/crates.io-index)",
 "cortex-m 0.6.3 (registry+https://github.com/rust-lang/crates.io-index)",
 "cortex-m-rt 0.6.12 (registry+https://github.com/rust-lang/crates.io-index)",
 "vcell 0.1.2 (registry+https://github.com/rust-lang/crates.io-index)",
]

[[package]]
name = "stm32f4xx-hal"
version = "0.8.3"
source = "git+https://github.com/stm32-rs/stm32f4xx-hal#7ec4d8f9090dd983ffb79e7f6db25f4eab021953"
dependencies = [
 "bare-metal 0.2.5 (registry+https://github.com/rust-lang/crates.io-index)",
 "cast 0.2.3 (registry+https://github.com/rust-lang/crates.io-index)",
 "cortex-m 0.6.3 (registry+https://github.com/rust-lang/crates.io-index)",
 "cortex-m-rt 0.6.12 (registry+https://github.com/rust-lang/crates.io-index)",
 "embedded-hal 0.2.4 (registry+https://github.com/rust-lang/crates.io-index)",
 "nb 0.1.3 (registry+https://github.com/rust-lang/crates.io-index)",
 "rand_core 0.5.1 (registry+https://github.com/rust-lang/crates.io-index)",
 "stable_deref_trait 1.2.0 (registry+https://github.com/rust-lang/crates.io-index)",
 "stm32f4 0.11.0 (registry+https://github.com/rust-lang/crates.io-index)",
 "void 1.0.2 (registry+https://github.com/rust-lang/crates.io-index)",
]

[[package]]
name = "stm32l1"
version = "0.5.0"
source = "registry+https://github.com/rust-lang/crates.io-index"
dependencies = [
 "bare-metal 0.2.5 (registry+https://github.com/rust-lang/crates.io-index)",
 "cortex-m 0.5.10 (registry+https://github.com/rust-lang/crates.io-index)",
 "cortex-m-rt 0.6.12 (registry+https://github.com/rust-lang/crates.io-index)",
 "vcell 0.1.2 (registry+https://github.com/rust-lang/crates.io-index)",
]

[[package]]
name = "stm32l1xx-hal"
version = "0.1.0"
source = "git+https://github.com/stm32-rs/stm32l1xx-hal#a228bac202e3fa82b6a57ff7f501bb0e0907d488"
dependencies = [
 "bare-metal 0.2.5 (registry+https://github.com/rust-lang/crates.io-index)",
 "cast 0.2.3 (registry+https://github.com/rust-lang/crates.io-index)",
 "cortex-m 0.5.10 (registry+https://github.com/rust-lang/crates.io-index)",
 "embedded-hal 0.2.4 (registry+https://github.com/rust-lang/crates.io-index)",
 "nb 0.1.3 (registry+https://github.com/rust-lang/crates.io-index)",
 "stm32l1 0.5.0 (registry+https://github.com/rust-lang/crates.io-index)",
 "void 1.0.2 (registry+https://github.com/rust-lang/crates.io-index)",
]

[[package]]
name = "sx127x_lora"
version = "0.3.1"
source = "git+https://github.com/mvniekerk/sx127x_lora#fbc866816843f26e16ba91c81cc1ad5bf11f7aa0"
dependencies = [
 "bit_field 0.10.0 (registry+https://github.com/rust-lang/crates.io-index)",
 "embedded-hal 0.2.4 (registry+https://github.com/rust-lang/crates.io-index)",
]

[[package]]
name = "syn"
version = "0.15.44"
source = "registry+https://github.com/rust-lang/crates.io-index"
dependencies = [
 "proc-macro2 0.4.30 (registry+https://github.com/rust-lang/crates.io-index)",
 "quote 0.6.13 (registry+https://github.com/rust-lang/crates.io-index)",
 "unicode-xid 0.1.0 (registry+https://github.com/rust-lang/crates.io-index)",
]

[[package]]
name = "syn"
version = "1.0.38"
source = "registry+https://github.com/rust-lang/crates.io-index"
dependencies = [
 "proc-macro2 1.0.19 (registry+https://github.com/rust-lang/crates.io-index)",
 "quote 1.0.7 (registry+https://github.com/rust-lang/crates.io-index)",
 "unicode-xid 0.2.1 (registry+https://github.com/rust-lang/crates.io-index)",
]

[[package]]
name = "typenum"
version = "1.12.0"
source = "registry+https://github.com/rust-lang/crates.io-index"

[[package]]
name = "unicode-xid"
version = "0.1.0"
source = "registry+https://github.com/rust-lang/crates.io-index"

[[package]]
name = "unicode-xid"
version = "0.2.1"
source = "registry+https://github.com/rust-lang/crates.io-index"

[[package]]
name = "usb-device"
version = "0.2.5"
source = "registry+https://github.com/rust-lang/crates.io-index"

[[package]]
name = "vcell"
version = "0.1.2"
source = "registry+https://github.com/rust-lang/crates.io-index"

[[package]]
name = "version_check"
version = "0.9.2"
source = "registry+https://github.com/rust-lang/crates.io-index"

[[package]]
name = "void"
version = "1.0.2"
source = "registry+https://github.com/rust-lang/crates.io-index"

[[package]]
name = "volatile-register"
version = "0.2.0"
source = "registry+https://github.com/rust-lang/crates.io-index"
dependencies = [
 "vcell 0.1.2 (registry+https://github.com/rust-lang/crates.io-index)",
]

[metadata]
"checksum ads1x1x 0.2.1 (registry+https://github.com/rust-lang/crates.io-index)" = "0c9ccf501f61a710a83cfc5a6fb2df0013454c3215aeeeb20ebe4b21e2917501"
"checksum aligned 0.2.0 (registry+https://github.com/rust-lang/crates.io-index)" = "d39da9b88ae1a81c03c9c082b8db83f1d0e93914126041962af61034ab44c4a5"
"checksum aligned 0.3.4 (registry+https://github.com/rust-lang/crates.io-index)" = "c19796bd8d477f1a9d4ac2465b464a8b1359474f06a96bb3cda650b4fca309bf"
"checksum as-slice 0.1.3 (registry+https://github.com/rust-lang/crates.io-index)" = "37dfb65bc03b2bc85ee827004f14a6817e04160e3b1a28931986a666a9290e70"
"checksum asm-delay 0.7.2 (registry+https://github.com/rust-lang/crates.io-index)" = "b8b7c70ec6ea4def14d530d75900bbf8909ed49dafeb1448c3ee7122543964f6"
"checksum bare-metal 0.2.5 (registry+https://github.com/rust-lang/crates.io-index)" = "5deb64efa5bd81e31fcd1938615a6d98c82eafcbcd787162b6f63b91d6bac5b3"
"checksum bit_field 0.10.0 (registry+https://github.com/rust-lang/crates.io-index)" = "a165d606cf084741d4ac3a28fb6e9b1eb0bd31f6cd999098cfddb0b2ab381dc0"
"checksum bitfield 0.13.2 (registry+https://github.com/rust-lang/crates.io-index)" = "46afbd2983a5d5a7bd740ccb198caf5b82f45c40c09c0eed36052d91cb92e719"
"checksum bitrate 0.1.1 (registry+https://github.com/rust-lang/crates.io-index)" = "c147d86912d04bef727828fda769a76ca81629a46d8ba311a8d58a26aa91473d"
"checksum byte-slice-cast 0.3.5 (registry+https://github.com/rust-lang/crates.io-index)" = "b0a5e3906bcbf133e33c1d4d95afc664ad37fbdb9f6568d8043e7ea8c27d93d3"
"checksum byteorder 1.3.4 (registry+https://github.com/rust-lang/crates.io-index)" = "08c48aae112d48ed9f069b33538ea9e3e90aa263cfa3d1c24309612b1f7472de"
"checksum cast 0.2.3 (registry+https://github.com/rust-lang/crates.io-index)" = "4b9434b9a5aa1450faa3f9cb14ea0e8c53bb5d2b3c1bfd1ab4fc03e9f33fbfb0"
"checksum cobs 0.1.4 (registry+https://github.com/rust-lang/crates.io-index)" = "c44be444fc7959957b0f331d596bafcfbbe30cbdf41665d1c40c68eda24137f6"
"checksum cortex-m 0.5.10 (registry+https://github.com/rust-lang/crates.io-index)" = "3c0b159a1e8306949579de3698c841dba58058197b65c60807194e4fa1e7a554"
"checksum cortex-m 0.6.3 (registry+https://github.com/rust-lang/crates.io-index)" = "2be99930c99669a74d986f7fd2162085498b322e6daae8ef63a97cc9ac1dc73c"
"checksum cortex-m-rt 0.6.12 (registry+https://github.com/rust-lang/crates.io-index)" = "00d518da72bba39496024b62607c1d8e37bcece44b2536664f1132a73a499a28"
"checksum cortex-m-rt-macros 0.1.8 (registry+https://github.com/rust-lang/crates.io-index)" = "4717562afbba06e760d34451919f5c3bf3ac15c7bb897e8b04862a7428378647"
"checksum cortex-m-rtfm 0.4.3 (registry+https://github.com/rust-lang/crates.io-index)" = "fb1d7afa5da773bf144e92e4ff886b4ed252e767e2cc729880fb55b515606bc1"
"checksum cortex-m-rtfm-macros 0.4.3 (registry+https://github.com/rust-lang/crates.io-index)" = "eb5caeeb7e8309eee746142f875b0edc125761ccaab2c6b991414e89ca58c444"
"checksum cortex-m-semihosting 0.3.5 (registry+https://github.com/rust-lang/crates.io-index)" = "113ef0ecffee2b62b58f9380f4469099b30e9f9cbee2804771b4203ba1762cfa"
"checksum crc16 0.4.0 (registry+https://github.com/rust-lang/crates.io-index)" = "338089f42c427b86394a5ee60ff321da23a5c89c9d89514c829687b26359fcff"
"checksum dht-sensor 0.1.1 (git+https://github.com/michaelbeaumont/dht-sensor)" = "<none>"
"checksum dht11 0.3.1 (registry+https://github.com/rust-lang/crates.io-index)" = "fa82acd8985622297d3feb1e2bf1ce177aaa1d6518df69524110410d08c7fb06"
"checksum display-interface 0.4.0 (registry+https://github.com/rust-lang/crates.io-index)" = "da12a892db5cce95ae247e8803dc653b1a73da3b0450f7983eb518dd54f583cf"
"checksum display-interface-i2c 0.4.0 (registry+https://github.com/rust-lang/crates.io-index)" = "4895cd4e54e5536ef370d7f1eec787aad8275dd8ad15815aebfa71dd847b4ebf"
"checksum display-interface-spi 0.4.0 (registry+https://github.com/rust-lang/crates.io-index)" = "94d08c3a1682b166cbcbb4fe009a31a1834ba46c16599bf7a9b3cc7bc31b38b0"
"checksum either 1.5.3 (registry+https://github.com/rust-lang/crates.io-index)" = "bb1f6b1ce1c140482ea30ddd3335fc0024ac7ee112895426e0a629a6c20adfe3"
"checksum embedded-graphics 0.6.2 (registry+https://github.com/rust-lang/crates.io-index)" = "40a69991ceb896bd4810a0cf2bcc46fc94b7860573c71f965d8e5b3d66942fed"
"checksum embedded-hal 0.2.4 (registry+https://github.com/rust-lang/crates.io-index)" = "fa998ce59ec9765d15216393af37a58961ddcefb14c753b4816ba2191d865fcb"
"checksum enc28j60 0.2.1 (registry+https://github.com/rust-lang/crates.io-index)" = "48c49dc5c4d6d372288d7300607ed3829f12104f1cb206730c49b3c9394106e1"
"checksum generic-array 0.11.1 (registry+https://github.com/rust-lang/crates.io-index)" = "8107dafa78c80c848b71b60133954b4a58609a3a1a5f9af037ecc7f67280f369"
"checksum generic-array 0.12.3 (registry+https://github.com/rust-lang/crates.io-index)" = "c68f0274ae0e023facc3c97b2e00f076be70e254bc851d972503b328db79b2ec"
"checksum generic-array 0.13.2 (registry+https://github.com/rust-lang/crates.io-index)" = "0ed1e761351b56f54eb9dcd0cfaca9fd0daecf93918e1cfc01c8a3d26ee7adcd"
"checksum generic-array 0.14.4 (registry+https://github.com/rust-lang/crates.io-index)" = "501466ecc8a30d1d3b7fc9229b122b2ce8ed6e9d9223f1138d4babb253e51817"
"checksum hash32 0.1.1 (registry+https://github.com/rust-lang/crates.io-index)" = "d4041af86e63ac4298ce40e5cca669066e75b6f1aa3390fe2561ffa5e1d9f4cc"
"checksum heapless 0.4.4 (registry+https://github.com/rust-lang/crates.io-index)" = "e1ae80bbc62401ae8096976857172507cadbd2200f36670e5144634360a05959"
"checksum m 0.1.1 (registry+https://github.com/rust-lang/crates.io-index)" = "9199148efbf3463493dd58c03a921add4623147739b9acd15f339b1dc5bfd677"
"checksum mfrc522 0.2.0 (registry+https://github.com/rust-lang/crates.io-index)" = "3af70ed390d4952988d5681a81d736c0442adc235d51ad06997e7cd1419b9ef8"
"checksum nb 0.1.3 (registry+https://github.com/rust-lang/crates.io-index)" = "801d31da0513b6ec5214e9bf433a77966320625a37860f910be265be6e18d06f"
"checksum nb 1.0.0 (registry+https://github.com/rust-lang/crates.io-index)" = "546c37ac5d9e56f55e73b677106873d9d9f5190605e41a856503623648488cae"
"checksum owned-singleton 0.1.0 (registry+https://github.com/rust-lang/crates.io-index)" = "21aa378869c97c7db706a4c576cf0ce8258dc7e0e1ad25a97ee5aba1fd4eed83"
"checksum owned-singleton-macros 0.1.0 (registry+https://github.com/rust-lang/crates.io-index)" = "8d5c2ac071b95017bf70a5b607037fb0ef4abfa663fdf6cac8fbf36af9756ee3"
"checksum panic-halt 0.2.0 (registry+https://github.com/rust-lang/crates.io-index)" = "de96540e0ebde571dc55c73d60ef407c653844e6f9a1e2fdbd40c07b9252d812"
"checksum panic-itm 0.4.1 (registry+https://github.com/rust-lang/crates.io-index)" = "98830d17a95587207e41edaa3009b143d326ce134b0e3538ac98246a67d66cc3"
"checksum panic-semihosting 0.5.3 (registry+https://github.com/rust-lang/crates.io-index)" = "c03864ac862876c16a308f5286f4aa217f1a69ac45df87ad3cd2847f818a642c"
"checksum proc-macro2 0.4.30 (registry+https://github.com/rust-lang/crates.io-index)" = "cf3d2011ab5c909338f7887f4fc896d35932e29146c12c8d01da6b22a80ba759"
"checksum proc-macro2 1.0.19 (registry+https://github.com/rust-lang/crates.io-index)" = "04f5f085b5d71e2188cb8271e5da0161ad52c3f227a661a3c135fdf28e258b12"
"checksum quote 0.6.13 (registry+https://github.com/rust-lang/crates.io-index)" = "6ce23b6b870e8f94f81fb0a363d65d86675884b34a09043c81e5562f11c1f8e1"
"checksum quote 1.0.7 (registry+https://github.com/rust-lang/crates.io-index)" = "aa563d17ecb180e500da1cfd2b028310ac758de548efdd203e18f283af693f37"
"checksum r0 0.2.2 (registry+https://github.com/rust-lang/crates.io-index)" = "e2a38df5b15c8d5c7e8654189744d8e396bddc18ad48041a500ce52d6948941f"
"checksum rand 0.5.6 (registry+https://github.com/rust-lang/crates.io-index)" = "c618c47cd3ebd209790115ab837de41425723956ad3ce2e6a7f09890947cacb9"
"checksum rand_core 0.3.1 (registry+https://github.com/rust-lang/crates.io-index)" = "7a6fdeb83b075e8266dcc8762c22776f6877a63111121f5f8c7411e5be7eed4b"
"checksum rand_core 0.4.2 (registry+https://github.com/rust-lang/crates.io-index)" = "9c33a3c44ca05fa6f1807d8e6743f3824e8509beca625669633be0acbdf509dc"
"checksum rand_core 0.5.1 (registry+https://github.com/rust-lang/crates.io-index)" = "90bde5296fc891b0cef12a6d03ddccc162ce7b2aff54160af9338f8d40df6d19"
"checksum rustc_version 0.2.3 (registry+https://github.com/rust-lang/crates.io-index)" = "138e3e0acb6c9fb258b19b67cb8abd63c00679d2851805ea151465464fe9030a"
"checksum semver 0.9.0 (registry+https://github.com/rust-lang/crates.io-index)" = "1d7eb9ef2c18661902cc47e535f9bc51b78acd254da71d375c2f6720d9a40403"
"checksum semver-parser 0.7.0 (registry+https://github.com/rust-lang/crates.io-index)" = "388a1df253eca08550bef6c72392cfe7c30914bf41df5269b68cbd6ff8f570a3"
"checksum serde 1.0.114 (registry+https://github.com/rust-lang/crates.io-index)" = "5317f7588f0a5078ee60ef675ef96735a1442132dc645eb1d12c018620ed8cd3"
"checksum serde_derive 1.0.114 (registry+https://github.com/rust-lang/crates.io-index)" = "2a0be94b04690fbaed37cddffc5c134bf537c8e3329d53e982fe04c374978f8e"
"checksum shared-bus 0.1.4 (registry+https://github.com/rust-lang/crates.io-index)" = "ed792a53f339088822c0cc9d6ebfb950752016a288dc96ed3e302e9592f18ab0"
"checksum ssd1306 0.4.0 (git+https://github.com/jamwaffles/ssd1306)" = "<none>"
"checksum stable_deref_trait 1.2.0 (registry+https://github.com/rust-lang/crates.io-index)" = "a8f112729512f8e442d81f95a8a7ddf2b7c6b8a1a6f509a95864142b30cab2d3"
"checksum stm32-usbd 0.5.1 (registry+https://github.com/rust-lang/crates.io-index)" = "70d13eca735cae37df697f599777b000cc0ee924df8452f2b4bfaa6798ab0338"
"checksum stm32f1 0.11.0 (registry+https://github.com/rust-lang/crates.io-index)" = "849b1e8d9bcfd792c9d9178cf86165d299a661c26e35d9322ae9382d3f3fe460"
"checksum stm32f1xx-hal 0.6.1 (git+https://github.com/stm32-rs/stm32f1xx-hal)" = "<none>"
"checksum stm32f3 0.11.0 (registry+https://github.com/rust-lang/crates.io-index)" = "2bcd49e908348f01acdc7ee1e0e1f8b9b709f99248749f6f79dcd88dc95ff6b2"
"checksum stm32f3xx-hal 0.5.0 (git+https://github.com/stm32-rs/stm32f3xx-hal)" = "<none>"
"checksum stm32f4 0.11.0 (registry+https://github.com/rust-lang/crates.io-index)" = "11460b4de3a84f072e2cf6e76306c64d27f405a0e83bace0a726f555ddf4bf33"
"checksum stm32f4xx-hal 0.8.3 (git+https://github.com/stm32-rs/stm32f4xx-hal)" = "<none>"
"checksum stm32l1 0.5.0 (registry+https://github.com/rust-lang/crates.io-index)" = "edda4346740d0f01082c353dca33b320e84f9fb51765fdcac7a624017c5a8ff4"
"checksum stm32l1xx-hal 0.1.0 (git+https://github.com/stm32-rs/stm32l1xx-hal)" = "<none>"
"checksum sx127x_lora 0.3.1 (git+https://github.com/mvniekerk/sx127x_lora)" = "<none>"
"checksum syn 0.15.44 (registry+https://github.com/rust-lang/crates.io-index)" = "9ca4b3b69a77cbe1ffc9e198781b7acb0c7365a883670e8f1c1bc66fba79a5c5"
"checksum syn 1.0.38 (registry+https://github.com/rust-lang/crates.io-index)" = "e69abc24912995b3038597a7a593be5053eb0fb44f3cc5beec0deb421790c1f4"
"checksum typenum 1.12.0 (registry+https://github.com/rust-lang/crates.io-index)" = "373c8a200f9e67a0c95e62a4f52fbf80c23b4381c05a17845531982fa99e6b33"
"checksum unicode-xid 0.1.0 (registry+https://github.com/rust-lang/crates.io-index)" = "fc72304796d0818e357ead4e000d19c9c174ab23dc11093ac919054d20a6a7fc"
"checksum unicode-xid 0.2.1 (registry+https://github.com/rust-lang/crates.io-index)" = "f7fe0bb3479651439c9112f72b6c505038574c9fbb575ed1bf3b797fa39dd564"
"checksum usb-device 0.2.5 (registry+https://github.com/rust-lang/crates.io-index)" = "0e5e2b9ba23f0d9ef7a34e498b6581c9d67944a1916542bfc7238bf1dc0d6acd"
"checksum vcell 0.1.2 (registry+https://github.com/rust-lang/crates.io-index)" = "876e32dcadfe563a4289e994f7cb391197f362b6315dc45e8ba4aa6f564a4b3c"
"checksum version_check 0.9.2 (registry+https://github.com/rust-lang/crates.io-index)" = "b5a972e5669d67ba988ce3dc826706fb0a8b01471c088cb0b6110b805cc36aed"
"checksum void 1.0.2 (registry+https://github.com/rust-lang/crates.io-index)" = "6a02e4885ed3bc0f2de90ea6dd45ebcbb66dacffe03547fadbb0eeae2770887d"
"checksum volatile-register 0.2.0 (registry+https://github.com/rust-lang/crates.io-index)" = "0d67cb4616d99b940db1d6bd28844ff97108b498a6ca850e5b6191a532063286"
